
Microsoft Visual Studio Solution File, Format Version 12.00
# Visual Studio Version 17
VisualStudioVersion = 17.13.35825.156 d17.13
MinimumVisualStudioVersion = 10.0.40219.1
Project("{FAE04EC0-301F-11D3-BF4B-00C04F79EFBC}") = "FakeMaker", "FakeMaker\FakeMaker.csproj", "{A9A1845D-0D6C-42C9-B879-8A3DAC914960}"
EndProject
Global
	GlobalSection(SolutionConfigurationPlatforms) = preSolution
		Debug|Any CPU = Debug|Any CPU
		Release|Any CPU = Release|Any CPU
	EndGlobalSection
	GlobalSection(ProjectConfigurationPlatforms) = postSolution
		{A9A1845D-0D6C-42C9-B879-8A3DAC914960}.Debug|Any CPU.ActiveCfg = Debug|Any CPU
		{A9A1845D-0D6C-42C9-B879-8A3DAC914960}.Debug|Any CPU.Build.0 = Debug|Any CPU
		{A9A1845D-0D6C-42C9-B879-8A3DAC914960}.Release|Any CPU.ActiveCfg = Release|Any CPU
		{A9A1845D-0D6C-42C9-B879-8A3DAC914960}.Release|Any CPU.Build.0 = Release|Any CPU
	EndGlobalSection
	GlobalSection(SolutionProperties) = preSolution
		HideSolutionNode = FALSE
	EndGlobalSection
	GlobalSection(ExtensibilityGlobals) = postSolution
		SolutionGuid = {F8E1D99B-73C4-41C9-AC65-4836F35B23A8}
	EndGlobalSection
EndGlobal
